# This file is automatically @generated by Cargo.
# It is not intended for manual editing.
[[package]]
name = "libc"
version = "0.2.70"
source = "registry+https://github.com/rust-lang/crates.io-index"
checksum = "3baa92041a6fec78c687fa0cc2b3fae8884f743d672cf551bed1d6dac6988d0f"

[[package]]
name = "bitvec"
version = "0.9.0"
source = "registry+https://github.com/rust-lang/crates.io-index"
checksum = "cfadef5c4e2c2e64067b9ecc061179f12ac7ec65ba613b1f60f3972bbada1f5b"

[[package]]
name = "t3z0s_rs"
version = "0.1.0"
dependencies = [
 "libc",
]
